{
    "_readme": [
        "This file locks the dependencies of your project to a known state",
        "Read more about it at https://getcomposer.org/doc/01-basic-usage.md#installing-dependencies",
        "This file is @generated automatically"
    ],
    "content-hash": "370e1cef7ccc54c8295862e1e35a43f0",
    "packages": [
        {
            "name": "composer/installers",
            "version": "v1.7.0",
            "source": {
                "type": "git",
                "url": "https://github.com/composer/installers.git",
                "reference": "141b272484481432cda342727a427dc1e206bfa0"
            },
            "dist": {
                "type": "zip",
                "url": "https://api.github.com/repos/composer/installers/zipball/141b272484481432cda342727a427dc1e206bfa0",
                "reference": "141b272484481432cda342727a427dc1e206bfa0",
                "shasum": ""
            },
            "require": {
                "composer-plugin-api": "^1.0"
            },
            "replace": {
                "roundcube/plugin-installer": "*",
                "shama/baton": "*"
            },
            "require-dev": {
                "composer/composer": "1.0.*@dev",
                "phpunit/phpunit": "^4.8.36"
            },
            "type": "composer-plugin",
            "extra": {
                "class": "Composer\\Installers\\Plugin",
                "branch-alias": {
                    "dev-master": "1.0-dev"
                }
            },
            "autoload": {
                "psr-4": {
                    "Composer\\Installers\\": "src/Composer/Installers"
                }
            },
            "notification-url": "https://packagist.org/downloads/",
            "license": [
                "MIT"
            ],
            "authors": [
                {
                    "name": "Kyle Robinson Young",
                    "email": "kyle@dontkry.com",
                    "homepage": "https://github.com/shama"
                }
            ],
            "description": "A multi-framework Composer library installer",
            "homepage": "https://composer.github.io/installers/",
            "keywords": [
                "Craft",
                "Dolibarr",
                "Eliasis",
                "Hurad",
                "ImageCMS",
                "Kanboard",
                "Lan Management System",
                "MODX Evo",
                "Mautic",
                "Maya",
                "OXID",
                "Plentymarkets",
                "Porto",
                "RadPHP",
                "SMF",
                "Thelia",
                "Whmcs",
                "WolfCMS",
                "agl",
                "aimeos",
                "annotatecms",
                "attogram",
                "bitrix",
                "cakephp",
                "chef",
                "cockpit",
                "codeigniter",
                "concrete5",
                "croogo",
                "dokuwiki",
                "drupal",
                "eZ Platform",
                "elgg",
                "expressionengine",
                "fuelphp",
                "grav",
                "installer",
                "itop",
                "joomla",
                "known",
                "kohana",
                "laravel",
                "lavalite",
                "lithium",
                "magento",
                "majima",
                "mako",
                "mediawiki",
                "modulework",
                "modx",
                "moodle",
                "osclass",
                "phpbb",
                "piwik",
                "ppi",
                "puppet",
                "pxcms",
                "reindex",
                "roundcube",
                "shopware",
                "silverstripe",
                "sydes",
                "symfony",
                "typo3",
                "wordpress",
                "yawik",
                "zend",
                "zikula"
            ],
            "time": "2019-08-12T15:00:31+00:00"
        },
        {
            "name": "johnpbloch/wordpress",
            "version": "5.3.0",
            "source": {
                "type": "git",
                "url": "https://github.com/johnpbloch/wordpress.git",
                "reference": "2b710cf99daf1c219948cd6ee4719ccfbd12e109"
            },
            "dist": {
                "type": "zip",
                "url": "https://api.github.com/repos/johnpbloch/wordpress/zipball/2b710cf99daf1c219948cd6ee4719ccfbd12e109",
                "reference": "2b710cf99daf1c219948cd6ee4719ccfbd12e109",
                "shasum": ""
            },
            "require": {
                "johnpbloch/wordpress-core": "5.3.0",
                "johnpbloch/wordpress-core-installer": "^1.0",
                "php": ">=5.6.20"
            },
            "type": "package",
            "notification-url": "https://packagist.org/downloads/",
            "license": [
                "GPL-2.0+"
            ],
            "authors": [
                {
                    "name": "WordPress Community",
                    "homepage": "http://wordpress.org/about/"
                }
            ],
            "description": "WordPress is open source software you can use to create a beautiful website, blog, or app.",
            "homepage": "http://wordpress.org/",
            "keywords": [
                "blog",
                "cms",
                "wordpress"
            ],
            "time": "2019-11-12T20:45:58+00:00"
        },
        {
            "name": "johnpbloch/wordpress-core",
            "version": "5.3.0",
            "source": {
                "type": "git",
                "url": "https://github.com/johnpbloch/wordpress-core.git",
                "reference": "17ddddaf049e82655c6d3831ca787350807b0566"
            },
            "dist": {
                "type": "zip",
                "url": "https://api.github.com/repos/johnpbloch/wordpress-core/zipball/17ddddaf049e82655c6d3831ca787350807b0566",
                "reference": "17ddddaf049e82655c6d3831ca787350807b0566",
                "shasum": ""
            },
            "require": {
                "php": ">=5.6.20"
            },
            "provide": {
                "wordpress/core-implementation": "5.3.0"
            },
            "type": "wordpress-core",
            "notification-url": "https://packagist.org/downloads/",
            "license": [
                "GPL-2.0-or-later"
            ],
            "authors": [
                {
                    "name": "WordPress Community",
                    "homepage": "http://wordpress.org/about/"
                }
            ],
            "description": "WordPress is open source software you can use to create a beautiful website, blog, or app.",
            "homepage": "http://wordpress.org/",
            "keywords": [
                "blog",
                "cms",
                "wordpress"
            ],
            "time": "2019-11-12T20:45:53+00:00"
        },
        {
            "name": "johnpbloch/wordpress-core-installer",
            "version": "1.0.2",
            "source": {
                "type": "git",
                "url": "https://github.com/johnpbloch/wordpress-core-installer.git",
                "reference": "fd12f5cfe27223b92b0f4bbc097059eb23cc56c4"
            },
            "dist": {
                "type": "zip",
                "url": "https://api.github.com/repos/johnpbloch/wordpress-core-installer/zipball/fd12f5cfe27223b92b0f4bbc097059eb23cc56c4",
                "reference": "fd12f5cfe27223b92b0f4bbc097059eb23cc56c4",
                "shasum": ""
            },
            "require": {
                "composer-plugin-api": "^1.0"
            },
            "conflict": {
                "composer/installers": "<1.0.6"
            },
            "require-dev": {
                "composer/composer": "^1.0",
                "phpunit/phpunit": ">=4.8.35"
            },
            "type": "composer-plugin",
            "extra": {
                "class": "johnpbloch\\Composer\\WordPressCorePlugin"
            },
            "autoload": {
                "psr-0": {
                    "johnpbloch\\Composer\\": "src/"
                }
            },
            "notification-url": "https://packagist.org/downloads/",
            "license": [
                "GPL-2.0-or-later"
            ],
            "authors": [
                {
                    "name": "John P. Bloch",
                    "email": "me@johnpbloch.com"
                }
            ],
            "description": "A custom installer to handle deploying WordPress with composer",
            "keywords": [
                "wordpress"
            ],
            "time": "2018-11-09T20:10:38+00:00"
        },
        {
            "name": "oscarotero/env",
            "version": "v1.2.0",
            "source": {
                "type": "git",
                "url": "https://github.com/oscarotero/env.git",
                "reference": "4ab45ce5c1f2c62549208426bfa20a3d5fa008c6"
            },
            "dist": {
                "type": "zip",
                "url": "https://api.github.com/repos/oscarotero/env/zipball/4ab45ce5c1f2c62549208426bfa20a3d5fa008c6",
                "reference": "4ab45ce5c1f2c62549208426bfa20a3d5fa008c6",
                "shasum": ""
            },
            "require": {
                "ext-ctype": "*",
                "php": ">=5.2"
            },
            "type": "library",
            "autoload": {
                "psr-0": {
                    "Env": "src/"
                }
            },
            "notification-url": "https://packagist.org/downloads/",
            "license": [
                "MIT"
            ],
            "authors": [
                {
                    "name": "Oscar Otero",
                    "email": "oom@oscarotero.com",
                    "homepage": "http://oscarotero.com",
                    "role": "Developer"
                }
            ],
            "description": "Simple library to consume environment variables",
            "homepage": "https://github.com/oscarotero/env",
            "keywords": [
                "env"
            ],
            "time": "2019-04-03T18:28:43+00:00"
        },
        {
            "name": "roots/wp-password-bcrypt",
            "version": "1.0.0",
            "source": {
                "type": "git",
                "url": "https://github.com/roots/wp-password-bcrypt.git",
                "reference": "5cecd2e98ccc3193443cc5c5db9b3bc7abed5ffa"
            },
            "dist": {
                "type": "zip",
                "url": "https://api.github.com/repos/roots/wp-password-bcrypt/zipball/5cecd2e98ccc3193443cc5c5db9b3bc7abed5ffa",
                "reference": "5cecd2e98ccc3193443cc5c5db9b3bc7abed5ffa",
                "shasum": ""
            },
            "require": {
                "composer/installers": "~1.0",
                "php": ">=5.5.0"
            },
            "require-dev": {
                "brain/monkey": "^1.3.1",
                "mockery/mockery": "^0.9.4",
                "phpunit/phpunit": "^4.8.23|^5.2.9",
                "squizlabs/php_codesniffer": "^2.5.1"
            },
            "type": "library",
            "autoload": {
                "files": [
                    "wp-password-bcrypt.php"
                ]
            },
            "notification-url": "https://packagist.org/downloads/",
            "license": [
                "MIT"
            ],
            "authors": [
                {
                    "name": "Scott Walkinshaw",
                    "email": "scott.walkinshaw@gmail.com",
                    "homepage": "https://github.com/swalkinshaw"
                },
                {
                    "name": "qwp6t",
                    "homepage": "https://github.com/qwp6t"
                },
                {
                    "name": "Jan Pingel",
                    "email": "jpingel@bitpiston.com",
                    "homepage": "http://janpingel.com"
                }
            ],
            "description": "WordPress plugin which replaces wp_hash_password and wp_check_password's phpass hasher with PHP 5.5's password_hash and password_verify using bcrypt.",
            "homepage": "https://roots.io/plugins/wp-password-bcrypt",
            "keywords": [
                "wordpress wp bcrypt password"
            ],
            "time": "2016-03-01T16:27:06+00:00"
        },
        {
            "name": "symfony/polyfill-ctype",
            "version": "v1.12.0",
            "source": {
                "type": "git",
                "url": "https://github.com/symfony/polyfill-ctype.git",
                "reference": "550ebaac289296ce228a706d0867afc34687e3f4"
            },
            "dist": {
                "type": "zip",
                "url": "https://api.github.com/repos/symfony/polyfill-ctype/zipball/550ebaac289296ce228a706d0867afc34687e3f4",
                "reference": "550ebaac289296ce228a706d0867afc34687e3f4",
                "shasum": ""
            },
            "require": {
                "php": ">=5.3.3"
            },
            "suggest": {
                "ext-ctype": "For best performance"
            },
            "type": "library",
            "extra": {
                "branch-alias": {
                    "dev-master": "1.12-dev"
                }
            },
            "autoload": {
                "psr-4": {
                    "Symfony\\Polyfill\\Ctype\\": ""
                },
                "files": [
                    "bootstrap.php"
                ]
            },
            "notification-url": "https://packagist.org/downloads/",
            "license": [
                "MIT"
            ],
            "authors": [
                {
                    "name": "Gert de Pagter",
                    "email": "BackEndTea@gmail.com"
                },
                {
                    "name": "Symfony Community",
                    "homepage": "https://symfony.com/contributors"
                }
            ],
            "description": "Symfony polyfill for ctype functions",
            "homepage": "https://symfony.com",
            "keywords": [
                "compatibility",
                "ctype",
                "polyfill",
                "portable"
            ],
            "time": "2019-08-06T08:03:45+00:00"
        },
        {
            "name": "vlucas/phpdotenv",
            "version": "v2.6.1",
            "source": {
                "type": "git",
                "url": "https://github.com/vlucas/phpdotenv.git",
                "reference": "2a7dcf7e3e02dc5e701004e51a6f304b713107d5"
            },
            "dist": {
                "type": "zip",
                "url": "https://api.github.com/repos/vlucas/phpdotenv/zipball/2a7dcf7e3e02dc5e701004e51a6f304b713107d5",
                "reference": "2a7dcf7e3e02dc5e701004e51a6f304b713107d5",
                "shasum": ""
            },
            "require": {
                "php": ">=5.3.9",
                "symfony/polyfill-ctype": "^1.9"
            },
            "require-dev": {
                "phpunit/phpunit": "^4.8.35 || ^5.0"
            },
            "type": "library",
            "extra": {
                "branch-alias": {
                    "dev-master": "2.6-dev"
                }
            },
            "autoload": {
                "psr-4": {
                    "Dotenv\\": "src/"
                }
            },
            "notification-url": "https://packagist.org/downloads/",
            "license": [
                "BSD-3-Clause"
            ],
            "authors": [
                {
                    "name": "Vance Lucas",
                    "email": "vance@vancelucas.com",
                    "homepage": "http://www.vancelucas.com"
                }
            ],
            "description": "Loads environment variables from `.env` to `getenv()`, `$_ENV` and `$_SERVER` automagically.",
            "keywords": [
                "dotenv",
                "env",
                "environment"
            ],
            "time": "2019-01-29T11:11:52+00:00"
        },
        {
            "name": "wpackagist-theme/twentyseventeen",
            "version": "1.9",
            "source": {
                "type": "svn",
                "url": "https://themes.svn.wordpress.org/twentyseventeen/",
                "reference": "1.9"
            },
            "dist": {
                "type": "zip",
                "url": "https://downloads.wordpress.org/theme/twentyseventeen.1.9.zip",
                "reference": null,
                "shasum": null
            },
            "require": {
                "composer/installers": "~1.0"
            },
            "type": "wordpress-theme",
            "homepage": "https://wordpress.org/themes/twentyseventeen/"
        }
    ],
    "packages-dev": [
        {
            "name": "squizlabs/php_codesniffer",
            "version": "3.5.2",
            "source": {
                "type": "git",
                "url": "https://github.com/squizlabs/PHP_CodeSniffer.git",
                "reference": "65b12cdeaaa6cd276d4c3033a95b9b88b12701e7"
            },
            "dist": {
                "type": "zip",
                "url": "https://api.github.com/repos/squizlabs/PHP_CodeSniffer/zipball/65b12cdeaaa6cd276d4c3033a95b9b88b12701e7",
                "reference": "65b12cdeaaa6cd276d4c3033a95b9b88b12701e7",
                "shasum": ""
            },
            "require": {
                "ext-simplexml": "*",
                "ext-tokenizer": "*",
                "ext-xmlwriter": "*",
                "php": ">=5.4.0"
            },
            "require-dev": {
                "phpunit/phpunit": "^4.0 || ^5.0 || ^6.0 || ^7.0"
            },
            "bin": [
                "bin/phpcs",
                "bin/phpcbf"
            ],
            "type": "library",
            "extra": {
                "branch-alias": {
                    "dev-master": "3.x-dev"
                }
            },
            "notification-url": "https://packagist.org/downloads/",
            "license": [
                "BSD-3-Clause"
            ],
            "authors": [
                {
                    "name": "Greg Sherwood",
                    "role": "lead"
                }
            ],
            "description": "PHP_CodeSniffer tokenizes PHP, JavaScript and CSS files and detects violations of a defined set of coding standards.",
            "homepage": "https://github.com/squizlabs/PHP_CodeSniffer",
            "keywords": [
                "phpcs",
                "standards"
            ],
            "time": "2019-10-28T04:36:32+00:00"
        }
    ],
    "aliases": [],
    "minimum-stability": "stable",
    "stability-flags": [],
    "prefer-stable": false,
    "prefer-lowest": false,
    "platform": {
        "php": ">=5.6"
    },
    "platform-dev": []
}
